
Microsoft Visual Studio Solution File, Format Version 12.00
# Visual Studio 2012
Project("{FAE04EC0-301F-11D3-BF4B-00C04F79EFBC}") = "TipCalculator", "TipCalculator\TipCalculator.csproj", "{561AAA7D-4008-48E7-8697-B25B77061ED0}"
EndProject
Project("{FAE04EC0-301F-11D3-BF4B-00C04F79EFBC}") = "TipCalculator.Droid", "Droid\TipCalculator.Droid.csproj", "{7F7518DD-5AD5-4378-86AA-BF4FE7572853}"
EndProject
Project("{FAE04EC0-301F-11D3-BF4B-00C04F79EFBC}") = "TipCalculator.iOS", "iOS\TipCalculator.iOS.csproj", "{42698F4C-C8A3-4A46-9B92-2B0CA1D5A3E9}"
EndProject
Global
	GlobalSection(SolutionConfigurationPlatforms) = preSolution
		Debug|Any CPU = Debug|Any CPU
		Release|Any CPU = Release|Any CPU
		Debug|iPhoneSimulator = Debug|iPhoneSimulator
		Release|iPhone = Release|iPhone
		Release|iPhoneSimulator = Release|iPhoneSimulator
		Debug|iPhone = Debug|iPhone
	EndGlobalSection
	GlobalSection(ProjectConfigurationPlatforms) = postSolution
		{561AAA7D-4008-48E7-8697-B25B77061ED0}.Debug|Any CPU.ActiveCfg = Debug|Any CPU
		{561AAA7D-4008-48E7-8697-B25B77061ED0}.Debug|Any CPU.Build.0 = Debug|Any CPU
		{561AAA7D-4008-48E7-8697-B25B77061ED0}.Release|Any CPU.ActiveCfg = Release|Any CPU
		{561AAA7D-4008-48E7-8697-B25B77061ED0}.Release|Any CPU.Build.0 = Release|Any CPU
		{561AAA7D-4008-48E7-8697-B25B77061ED0}.Debug|iPhoneSimulator.ActiveCfg = Debug|Any CPU
		{561AAA7D-4008-48E7-8697-B25B77061ED0}.Debug|iPhoneSimulator.Build.0 = Debug|Any CPU
		{561AAA7D-4008-48E7-8697-B25B77061ED0}.Release|iPhone.ActiveCfg = Release|Any CPU
		{561AAA7D-4008-48E7-8697-B25B77061ED0}.Release|iPhone.Build.0 = Release|Any CPU
		{561AAA7D-4008-48E7-8697-B25B77061ED0}.Release|iPhoneSimulator.ActiveCfg = Release|Any CPU
		{561AAA7D-4008-48E7-8697-B25B77061ED0}.Release|iPhoneSimulator.Build.0 = Release|Any CPU
		{561AAA7D-4008-48E7-8697-B25B77061ED0}.Debug|iPhone.ActiveCfg = Debug|Any CPU
		{561AAA7D-4008-48E7-8697-B25B77061ED0}.Debug|iPhone.Build.0 = Debug|Any CPU
		{7F7518DD-5AD5-4378-86AA-BF4FE7572853}.Debug|Any CPU.ActiveCfg = Debug|Any CPU
		{7F7518DD-5AD5-4378-86AA-BF4FE7572853}.Debug|Any CPU.Build.0 = Debug|Any CPU
		{7F7518DD-5AD5-4378-86AA-BF4FE7572853}.Release|Any CPU.ActiveCfg = Release|Any CPU
		{7F7518DD-5AD5-4378-86AA-BF4FE7572853}.Release|Any CPU.Build.0 = Release|Any CPU
		{7F7518DD-5AD5-4378-86AA-BF4FE7572853}.Debug|iPhoneSimulator.ActiveCfg = Debug|Any CPU
		{7F7518DD-5AD5-4378-86AA-BF4FE7572853}.Debug|iPhoneSimulator.Build.0 = Debug|Any CPU
		{7F7518DD-5AD5-4378-86AA-BF4FE7572853}.Release|iPhone.ActiveCfg = Release|Any CPU
		{7F7518DD-5AD5-4378-86AA-BF4FE7572853}.Release|iPhone.Build.0 = Release|Any CPU
		{7F7518DD-5AD5-4378-86AA-BF4FE7572853}.Release|iPhoneSimulator.ActiveCfg = Release|Any CPU
		{7F7518DD-5AD5-4378-86AA-BF4FE7572853}.Release|iPhoneSimulator.Build.0 = Release|Any CPU
		{7F7518DD-5AD5-4378-86AA-BF4FE7572853}.Debug|iPhone.ActiveCfg = Debug|Any CPU
		{7F7518DD-5AD5-4378-86AA-BF4FE7572853}.Debug|iPhone.Build.0 = Debug|Any CPU
		{42698F4C-C8A3-4A46-9B92-2B0CA1D5A3E9}.Debug|Any CPU.ActiveCfg = Debug|iPhoneSimulator
		{42698F4C-C8A3-4A46-9B92-2B0CA1D5A3E9}.Debug|Any CPU.Build.0 = Debug|iPhoneSimulator
		{42698F4C-C8A3-4A46-9B92-2B0CA1D5A3E9}.Release|Any CPU.ActiveCfg = Release|iPhone
		{42698F4C-C8A3-4A46-9B92-2B0CA1D5A3E9}.Release|Any CPU.Build.0 = Release|iPhone
		{42698F4C-C8A3-4A46-9B92-2B0CA1D5A3E9}.Debug|iPhoneSimulator.ActiveCfg = Debug|iPhoneSimulator
		{42698F4C-C8A3-4A46-9B92-2B0CA1D5A3E9}.Debug|iPhoneSimulator.Build.0 = Debug|iPhoneSimulator
		{42698F4C-C8A3-4A46-9B92-2B0CA1D5A3E9}.Release|iPhone.ActiveCfg = Release|iPhone
		{42698F4C-C8A3-4A46-9B92-2B0CA1D5A3E9}.Release|iPhone.Build.0 = Release|iPhone
		{42698F4C-C8A3-4A46-9B92-2B0CA1D5A3E9}.Release|iPhoneSimulator.ActiveCfg = Release|iPhoneSimulator
		{42698F4C-C8A3-4A46-9B92-2B0CA1D5A3E9}.Release|iPhoneSimulator.Build.0 = Release|iPhoneSimulator
		{42698F4C-C8A3-4A46-9B92-2B0CA1D5A3E9}.Debug|iPhone.ActiveCfg = Debug|iPhone
		{42698F4C-C8A3-4A46-9B92-2B0CA1D5A3E9}.Debug|iPhone.Build.0 = Debug|iPhone
	EndGlobalSection
EndGlobal
